
Microsoft Visual Studio Solution File, Format Version 12.00
# Visual Studio Version 17
VisualStudioVersion = 17.6.33723.286
MinimumVisualStudioVersion = 10.0.40219.1
Project("{FAE04EC0-301F-11D3-BF4B-00C04F79EFBC}") = "ProjectWPF", "ProjectWPF\ProjectWPF.csproj", "{05FDEEC7-89F7-4CC3-B893-A4E050B481E9}"
EndProject
Global
	GlobalSection(SolutionConfigurationPlatforms) = preSolution
		Debug|Any CPU = Debug|Any CPU
		Release|Any CPU = Release|Any CPU
	EndGlobalSection
	GlobalSection(ProjectConfigurationPlatforms) = postSolution
		{05FDEEC7-89F7-4CC3-B893-A4E050B481E9}.Debug|Any CPU.ActiveCfg = Debug|Any CPU
		{05FDEEC7-89F7-4CC3-B893-A4E050B481E9}.Debug|Any CPU.Build.0 = Debug|Any CPU
		{05FDEEC7-89F7-4CC3-B893-A4E050B481E9}.Release|Any CPU.ActiveCfg = Release|Any CPU
		{05FDEEC7-89F7-4CC3-B893-A4E050B481E9}.Release|Any CPU.Build.0 = Release|Any CPU
	EndGlobalSection
	GlobalSection(SolutionProperties) = preSolution
		HideSolutionNode = FALSE
	EndGlobalSection
	GlobalSection(ExtensibilityGlobals) = postSolution
		SolutionGuid = {877B3367-22B1-4E85-9128-305B790481F2}
	EndGlobalSection
EndGlobal
